{
  "name": "localizationlibrarynata",
  "version": "1.1.0",
  "lockfileVersion": 2,
  "requires": true,
  "packages": {
    "": {
      "name": "localizationlibrarynata",
      "version": "1.0.3",
      "license": "MIT",
      "dependencies": {
        "imagecarouselnata": "^1.1.0",
        "imageprocessingutilitiesnata": "^1.0.0",
        "localizationlibrarynata": "^1.0.2"
      }
    },
    "node_modules/imagecarouselnata": {
      "version": "1.1.0",
      "resolved": "https://registry.npmjs.org/imagecarouselnata/-/imagecarouselnata-1.1.0.tgz",
      "integrity": "sha512-Xy4i/TerQDwiiWPPcethZ/+6BxwcAemibZqmLWIk6G1Fr2vDTr7tLon9dvjFVS4N90sa/NXmYiLWJ4JZnA4Adw==",
      "dependencies": {
        "imageprocessingutilitiesnata": "^1.0.0",
        "localizationlibrarynata": "^1.0.2"
      }
    },
    "node_modules/imageprocessingutilitiesnata": {
      "version": "1.0.0",
      "resolved": "https://registry.npmjs.org/imageprocessingutilitiesnata/-/imageprocessingutilitiesnata-1.0.0.tgz",
      "integrity": "sha512-sv3XnnXvSRwcUDsYM2MSwmPwHYiEWZwijaN982KWMwrB/wNqS5fRyQrB+m/xsStD5LmrL/kaFHZ8nZ3cfcbRPA==",
      "dependencies": {
        "imagecarouselnata": "^1.0.0",
        "localizationlibrarynata": "^1.0.1"
      }
    },
    "node_modules/localizationlibrarynata": {
      "version": "1.0.2",
      "resolved": "https://registry.npmjs.org/localizationlibrarynata/-/localizationlibrarynata-1.0.2.tgz",
      "integrity": "sha512-bCCVmpiIZBTrx6EgAlZLJoiIOt88G/+3v84dKNRSwxtILUNIzE+24d+GMBtXjd6w6vH/NMEWZx08Zdj/HX+ctg==",
      "dependencies": {
        "imagecarouselnata": "^1.0.0",
        "imageprocessingutilitiesnata": "^1.0.0",
        "localizationlibrarynata": "^1.0.1"
      }
    }
  },
  "dependencies": {
    "imagecarouselnata": {
      "version": "1.1.0",
      "resolved": "https://registry.npmjs.org/imagecarouselnata/-/imagecarouselnata-1.1.0.tgz",
      "integrity": "sha512-Xy4i/TerQDwiiWPPcethZ/+6BxwcAemibZqmLWIk6G1Fr2vDTr7tLon9dvjFVS4N90sa/NXmYiLWJ4JZnA4Adw==",
      "requires": {
        "imageprocessingutilitiesnata": "^1.0.0",
        "localizationlibrarynata": "^1.0.2"
      }
    },
    "imageprocessingutilitiesnata": {
      "version": "1.0.0",
      "resolved": "https://registry.npmjs.org/imageprocessingutilitiesnata/-/imageprocessingutilitiesnata-1.0.0.tgz",
      "integrity": "sha512-sv3XnnXvSRwcUDsYM2MSwmPwHYiEWZwijaN982KWMwrB/wNqS5fRyQrB+m/xsStD5LmrL/kaFHZ8nZ3cfcbRPA==",
      "requires": {
        "imagecarouselnata": "^1.0.0",
        "localizationlibrarynata": "^1.0.1"
      }
    },
    "localizationlibrarynata": {
      "version": "1.0.2",
      "resolved": "https://registry.npmjs.org/localizationlibrarynata/-/localizationlibrarynata-1.0.2.tgz",
      "integrity": "sha512-bCCVmpiIZBTrx6EgAlZLJoiIOt88G/+3v84dKNRSwxtILUNIzE+24d+GMBtXjd6w6vH/NMEWZx08Zdj/HX+ctg==",
      "requires": {
        "imagecarouselnata": "^1.0.0",
        "imageprocessingutilitiesnata": "^1.0.0",
        "localizationlibrarynata": "^1.0.1"
      }
    }
  }
}
